
Microsoft Visual Studio Solution File, Format Version 12.00
# Visual Studio Version 16
VisualStudioVersion = 16.0.29911.84
MinimumVisualStudioVersion = 10.0.40219.1
Project("{FAE04EC0-301F-11D3-BF4B-00C04F79EFBC}") = "GPL_Application_2020", "GPL_Application_2020\GPL_Application_2020.csproj", "{DC25877A-DA9C-4BC0-AE2F-33FEA800A587}"
EndProject
Global
	GlobalSection(SolutionConfigurationPlatforms) = preSolution
		Debug|Any CPU = Debug|Any CPU
		Release|Any CPU = Release|Any CPU
	EndGlobalSection
	GlobalSection(ProjectConfigurationPlatforms) = postSolution
		{DC25877A-DA9C-4BC0-AE2F-33FEA800A587}.Debug|Any CPU.ActiveCfg = Debug|Any CPU
		{DC25877A-DA9C-4BC0-AE2F-33FEA800A587}.Debug|Any CPU.Build.0 = Debug|Any CPU
		{DC25877A-DA9C-4BC0-AE2F-33FEA800A587}.Release|Any CPU.ActiveCfg = Release|Any CPU
		{DC25877A-DA9C-4BC0-AE2F-33FEA800A587}.Release|Any CPU.Build.0 = Release|Any CPU
	EndGlobalSection
	GlobalSection(SolutionProperties) = preSolution
		HideSolutionNode = FALSE
	EndGlobalSection
	GlobalSection(ExtensibilityGlobals) = postSolution
		SolutionGuid = {B70DFB01-7E05-4E93-BB6A-CED0A8D28CE8}
	EndGlobalSection
EndGlobal
